
Microsoft Visual Studio Solution File, Format Version 12.00
# Visual Studio Version 16
VisualStudioVersion = 16.0.30907.101
MinimumVisualStudioVersion = 10.0.40219.1
Project("{FAE04EC0-301F-11D3-BF4B-00C04F79EFBC}") = "Favohit.WebApi", "Favohit.WebApi\Favohit.WebApi.csproj", "{972A2E97-163A-4D4C-ABA9-8CDE2B19822B}"
EndProject
Global
	GlobalSection(SolutionConfigurationPlatforms) = preSolution
		Debug|Any CPU = Debug|Any CPU
		Release|Any CPU = Release|Any CPU
	EndGlobalSection
	GlobalSection(ProjectConfigurationPlatforms) = postSolution
		{972A2E97-163A-4D4C-ABA9-8CDE2B19822B}.Debug|Any CPU.ActiveCfg = Debug|Any CPU
		{972A2E97-163A-4D4C-ABA9-8CDE2B19822B}.Debug|Any CPU.Build.0 = Debug|Any CPU
		{972A2E97-163A-4D4C-ABA9-8CDE2B19822B}.Release|Any CPU.ActiveCfg = Release|Any CPU
		{972A2E97-163A-4D4C-ABA9-8CDE2B19822B}.Release|Any CPU.Build.0 = Release|Any CPU
	EndGlobalSection
	GlobalSection(SolutionProperties) = preSolution
		HideSolutionNode = FALSE
	EndGlobalSection
	GlobalSection(ExtensibilityGlobals) = postSolution
		SolutionGuid = {643467FF-D929-48FA-9B59-685D3C474A41}
	EndGlobalSection
EndGlobal
